%{
  "apoc": {:git, "https://github.com/thooton/apoc.git", "25aba21973acad6382f8ab09a0dccebfa83b4704", [tag: "v0.2.2"]},
  "argon2_elixir": {:hex, :argon2_elixir, "3.0.0", "fd4405f593e77b525a5c667282172dd32772d7c4fa58cdecdaae79d2713b6c5f", [:make, :mix], [{:comeonin, "~> 5.3", [hex: :comeonin, repo: "hexpm", optional: false]}, {:elixir_make, "~> 0.6", [hex: :elixir_make, repo: "hexpm", optional: false]}], "hexpm", "8b753b270af557d51ba13fcdebc0f0ab27a2a6792df72fd5a6cf9cfaffcedc57"},
  "bandit": {:hex, :bandit, "0.4.10", "307c45c52bd618876f620d71decb23157a478aad1bb520227fb2483fc4525afe", [:mix], [{:hpax, "~> 0.1.1", [hex: :hpax, repo: "hexpm", optional: false]}, {:plug, "~> 1.12", [hex: :plug, repo: "hexpm", optional: false]}, {:thousand_island, "~> 0.5.7", [hex: :thousand_island, repo: "hexpm", optional: false]}], "hexpm", "98b5462d90627e0752b2964080728beab7c001ed0c4a70124ba547045bcbf6ab"},
  "combine": {:hex, :combine, "0.10.0", "eff8224eeb56498a2af13011d142c5e7997a80c8f5b97c499f84c841032e429f", [:mix], [], "hexpm", "1b1dbc1790073076580d0d1d64e42eae2366583e7aecd455d1215b0d16f2451b"},
  "comeonin": {:hex, :comeonin, "5.3.3", "2c564dac95a35650e9b6acfe6d2952083d8a08e4a89b93a481acb552b325892e", [:mix], [], "hexpm", "3e38c9c2cb080828116597ca8807bb482618a315bfafd98c90bc22a821cc84df"},
  "connection": {:hex, :connection, "1.1.0", "ff2a49c4b75b6fb3e674bfc5536451607270aac754ffd1bdfe175abe4a6d7a68", [:mix], [], "hexpm", "722c1eb0a418fbe91ba7bd59a47e28008a189d47e37e0e7bb85585a016b2869c"},
  "cowboy": {:hex, :cowboy, "2.9.0", "865dd8b6607e14cf03282e10e934023a1bd8be6f6bacf921a7e2a96d800cd452", [:make, :rebar3], [{:cowlib, "2.11.0", [hex: :cowlib, repo: "hexpm", optional: false]}, {:ranch, "1.8.0", [hex: :ranch, repo: "hexpm", optional: false]}], "hexpm", "2c729f934b4e1aa149aff882f57c6372c15399a20d54f65c8d67bef583021bde"},
  "cowboy_telemetry": {:hex, :cowboy_telemetry, "0.4.0", "f239f68b588efa7707abce16a84d0d2acf3a0f50571f8bb7f56a15865aae820c", [:rebar3], [{:cowboy, "~> 2.7", [hex: :cowboy, repo: "hexpm", optional: false]}, {:telemetry, "~> 1.0", [hex: :telemetry, repo: "hexpm", optional: false]}], "hexpm", "7d98bac1ee4565d31b62d59f8823dfd8356a169e7fcbb83831b8a5397404c9de"},
  "cowlib": {:hex, :cowlib, "2.11.0", "0b9ff9c346629256c42ebe1eeb769a83c6cb771a6ee5960bd110ab0b9b872063", [:make, :rebar3], [], "hexpm", "2b3e9da0b21c4565751a6d4901c20d1b4cc25cbb7fd50d91d2ab6dd287bc86a9"},
  "db_connection": {:hex, :db_connection, "2.4.2", "f92e79aff2375299a16bcb069a14ee8615c3414863a6fef93156aee8e86c2ff3", [:mix], [{:connection, "~> 1.0", [hex: :connection, repo: "hexpm", optional: false]}, {:telemetry, "~> 0.4 or ~> 1.0", [hex: :telemetry, repo: "hexpm", optional: false]}], "hexpm", "4fe53ca91b99f55ea249693a0229356a08f4d1a7931d8ffa79289b145fe83668"},
  "decimal": {:hex, :decimal, "2.0.0", "a78296e617b0f5dd4c6caf57c714431347912ffb1d0842e998e9792b5642d697", [:mix], [], "hexpm", "34666e9c55dea81013e77d9d87370fe6cb6291d1ef32f46a1600230b1d44f577"},
  "ecto": {:hex, :ecto, "3.8.1", "35e0bd8c8eb772e14a5191a538cd079706ecb45164ea08a7523b4fc69ab70f56", [:mix], [{:decimal, "~> 1.6 or ~> 2.0", [hex: :decimal, repo: "hexpm", optional: false]}, {:jason, "~> 1.0", [hex: :jason, repo: "hexpm", optional: true]}, {:telemetry, "~> 0.4 or ~> 1.0", [hex: :telemetry, repo: "hexpm", optional: false]}], "hexpm", "f1b68f8d5fe3ab89e24f57c03db5b5d0aed3602077972098b3a6006a1be4b69b"},
  "ecto_sql": {:hex, :ecto_sql, "3.8.1", "1acaaba32ca0551fd19e492fc7c80414e72fc1a7140fc9395aaa53c2e8629798", [:mix], [{:db_connection, "~> 2.5 or ~> 2.4.1", [hex: :db_connection, repo: "hexpm", optional: false]}, {:ecto, "~> 3.8.1", [hex: :ecto, repo: "hexpm", optional: false]}, {:myxql, "~> 0.6.0", [hex: :myxql, repo: "hexpm", optional: true]}, {:postgrex, "~> 0.15.0 or ~> 0.16.0 or ~> 1.0", [hex: :postgrex, repo: "hexpm", optional: true]}, {:tds, "~> 2.1.1 or ~> 2.2", [hex: :tds, repo: "hexpm", optional: true]}, {:telemetry, "~> 0.4.0 or ~> 1.0", [hex: :telemetry, repo: "hexpm", optional: false]}], "hexpm", "ba7fc75882edce6f2ceca047315d5db27ead773cafea47f1724e35f1e7964525"},
  "ecto_sqlite3": {:hex, :ecto_sqlite3, "0.7.4", "6128effc8a1e21f223a6f3875e156887a9e7f98e9d7bf1544e397f3d12a69318", [:mix], [{:decimal, "~> 1.6 or ~> 2.0", [hex: :decimal, repo: "hexpm", optional: false]}, {:ecto, "~> 3.7", [hex: :ecto, repo: "hexpm", optional: false]}, {:ecto_sql, "~> 3.7", [hex: :ecto_sql, repo: "hexpm", optional: false]}, {:exqlite, "~> 0.9", [hex: :exqlite, repo: "hexpm", optional: false]}], "hexpm", "36235576dc14fed3a81f057b6c12a2c6192f3760aa7f61c29a016af525ab4b17"},
  "elixir_make": {:hex, :elixir_make, "0.6.3", "bc07d53221216838d79e03a8019d0839786703129599e9619f4ab74c8c096eac", [:mix], [], "hexpm", "f5cbd651c5678bcaabdbb7857658ee106b12509cd976c2c2fca99688e1daf716"},
  "exqlite": {:hex, :exqlite, "0.10.3", "73ae152d8d59e4e0b3a54d1dce935edc6c0fea2120db2416fec507873facefdb", [:make, :mix], [{:db_connection, "~> 2.1", [hex: :db_connection, repo: "hexpm", optional: false]}, {:elixir_make, "~> 0.6", [hex: :elixir_make, repo: "hexpm", optional: false]}], "hexpm", "42fe3a1a771d4e1b012ff45110f9a16ccb2f33392f8eebd02d2c1b7583cec09e"},
  "hammer": {:hex, :hammer, "6.0.0", "72ec6fff10e9d63856968988a22ee04c4d6d5248071ddccfbda50aa6c455c1d7", [:mix], [{:poolboy, "~> 1.5", [hex: :poolboy, repo: "hexpm", optional: false]}], "hexpm", "d8e1ec2e534c4aae508b906759e077c3c1eb3e2b9425235d4b7bbab0b016210a"},
  "hammer_plug": {:hex, :hammer_plug, "2.1.1", "eb5390380eff6600e24e93edfe6a34d39f35280cbdd1caa0995b58bb8489f00d", [:make, :mix], [{:hammer, "~> 6.0", [hex: :hammer, repo: "hexpm", optional: false]}, {:plug, "~> 1.0", [hex: :plug, repo: "hexpm", optional: false]}], "hexpm", "0fbc3e8b1aacecb7affea65c85c349fdbd00ff28a74bbe6ca30c9f4c76d71e4b"},
  "hpax": {:hex, :hpax, "0.1.1", "2396c313683ada39e98c20a75a82911592b47e5c24391363343bde74f82396ca", [:mix], [], "hexpm", "0ae7d5a0b04a8a60caf7a39fcf3ec476f35cc2cc16c05abea730d3ce6ac6c826"},
  "mime": {:hex, :mime, "2.0.2", "0b9e1a4c840eafb68d820b0e2158ef5c49385d17fb36855ac6e7e087d4b1dcc5", [:mix], [], "hexpm", "e6a3f76b4c277739e36c2e21a2c640778ba4c3846189d5ab19f97f126df5f9b7"},
  "plug": {:hex, :plug, "1.13.6", "187beb6b67c6cec50503e940f0434ea4692b19384d47e5fdfd701e93cadb4cc2", [:mix], [{:mime, "~> 1.0 or ~> 2.0", [hex: :mime, repo: "hexpm", optional: false]}, {:plug_crypto, "~> 1.1.1 or ~> 1.2", [hex: :plug_crypto, repo: "hexpm", optional: false]}, {:telemetry, "~> 0.4.3 or ~> 1.0", [hex: :telemetry, repo: "hexpm", optional: false]}], "hexpm", "02b9c6b9955bce92c829f31d6284bf53c591ca63c4fb9ff81dfd0418667a34ff"},
  "plug_cowboy": {:hex, :plug_cowboy, "2.5.2", "62894ccd601cf9597e2c23911ff12798a8a18d237e9739f58a6b04e4988899fe", [:mix], [{:cowboy, "~> 2.7", [hex: :cowboy, repo: "hexpm", optional: false]}, {:cowboy_telemetry, "~> 0.3", [hex: :cowboy_telemetry, repo: "hexpm", optional: false]}, {:plug, "~> 1.7", [hex: :plug, repo: "hexpm", optional: false]}], "hexpm", "ea6e87f774c8608d60c8d34022a7d073bd7680a0a013f049fc62bf35efea1044"},
  "plug_crypto": {:hex, :plug_crypto, "1.2.2", "05654514ac717ff3a1843204b424477d9e60c143406aa94daf2274fdd280794d", [:mix], [], "hexpm", "87631c7ad914a5a445f0a3809f99b079113ae4ed4b867348dd9eec288cecb6db"},
  "plug_ratelimit": {:hex, :plug_ratelimit, "0.21.39", "252af98fcb8a767dccdd6da10cce7f832a9f2f9f7de6eb6590927e1db3607335", [:mix], [{:plug_cowboy, "~> 2.0", [hex: :plug_cowboy, repo: "hexpm", optional: false]}], "hexpm", "77d4e4ac36e17c413d2b5fa20f9f50d9a009beaef9e3b085820e67c67626ab43"},
  "poison": {:hex, :poison, "5.0.0", "d2b54589ab4157bbb82ec2050757779bfed724463a544b6e20d79855a9e43b24", [:mix], [{:decimal, "~> 2.0", [hex: :decimal, repo: "hexpm", optional: true]}], "hexpm", "11dc6117c501b80c62a7594f941d043982a1bd05a1184280c0d9166eb4d8d3fc"},
  "poolboy": {:hex, :poolboy, "1.5.2", "392b007a1693a64540cead79830443abf5762f5d30cf50bc95cb2c1aaafa006b", [:rebar3], [], "hexpm", "dad79704ce5440f3d5a3681c8590b9dc25d1a561e8f5a9c995281012860901e3"},
  "ranch": {:hex, :ranch, "1.8.0", "8c7a100a139fd57f17327b6413e4167ac559fbc04ca7448e9be9057311597a1d", [:make, :rebar3], [], "hexpm", "49fbcfd3682fab1f5d109351b61257676da1a2fdbe295904176d5e521a2ddfe5"},
  "remote_ip": {:hex, :remote_ip, "1.0.0", "3d7fb45204a5704443f480cee9515e464997f52c35e0a60b6ece1f81484067ae", [:mix], [{:combine, "~> 0.10", [hex: :combine, repo: "hexpm", optional: false]}, {:plug, "~> 1.10", [hex: :plug, repo: "hexpm", optional: false]}], "hexpm", "9e9fcad4e50c43b5234bb6a9629ed6ab223f3ed07147bd35470e4ee5c8caf907"},
  "replug": {:hex, :replug, "0.1.0", "61d35f8c873c0078a23c49579a48f36e45789414b1ec0daee3fd5f4e34221f23", [:mix], [{:plug, "~> 1.8", [hex: :plug, repo: "hexpm", optional: false]}], "hexpm", "f71f7a57e944e854fe4946060c6964098e53958074c69fb844b96e0bd58cfa60"},
  "telemetry": {:hex, :telemetry, "1.1.0", "a589817034a27eab11144ad24d5c0f9fab1f58173274b1e9bae7074af9cbee51", [:rebar3], [], "hexpm", "b727b2a1f75614774cff2d7565b64d0dfa5bd52ba517f16543e6fc7efcc0df48"},
  "thousand_island": {:hex, :thousand_island, "0.5.7", "5066fb800287a9eb2699365746f51853ddc5ed0d4d39ea4c8b906f40b14a2499", [:mix], [{:telemetry, "~> 1.0", [hex: :telemetry, repo: "hexpm", optional: false]}], "hexpm", "5d79e910a9d295e75ee4022df3a68173588dcc9a7e4dfcce4876325c8a9f51a7"},
}
